
Microsoft Visual Studio Solution File, Format Version 12.00
# Visual Studio Version 17
VisualStudioVersion = 17.0.32002.185
MinimumVisualStudioVersion = 10.0.40219.1
Project("{9A19103F-16F7-4668-BE54-9A1E7A4F7556}") = "APIContagem", "APIContagem\APIContagem.csproj", "{0080B203-C412-428B-9FAE-6410A437E544}"
EndProject
Project("{9A19103F-16F7-4668-BE54-9A1E7A4F7556}") = "WorkerConsumoAPIContagem", "WorkerConsumoAPIContagem\WorkerConsumoAPIContagem.csproj", "{EC4E783A-19F0-4CDF-8993-BDB21A8A03D1}"
EndProject
Global
	GlobalSection(SolutionConfigurationPlatforms) = preSolution
		Debug|Any CPU = Debug|Any CPU
		Release|Any CPU = Release|Any CPU
	EndGlobalSection
	GlobalSection(ProjectConfigurationPlatforms) = postSolution
		{0080B203-C412-428B-9FAE-6410A437E544}.Debug|Any CPU.ActiveCfg = Debug|Any CPU
		{0080B203-C412-428B-9FAE-6410A437E544}.Debug|Any CPU.Build.0 = Debug|Any CPU
		{0080B203-C412-428B-9FAE-6410A437E544}.Release|Any CPU.ActiveCfg = Release|Any CPU
		{0080B203-C412-428B-9FAE-6410A437E544}.Release|Any CPU.Build.0 = Release|Any CPU
		{EC4E783A-19F0-4CDF-8993-BDB21A8A03D1}.Debug|Any CPU.ActiveCfg = Debug|Any CPU
		{EC4E783A-19F0-4CDF-8993-BDB21A8A03D1}.Debug|Any CPU.Build.0 = Debug|Any CPU
		{EC4E783A-19F0-4CDF-8993-BDB21A8A03D1}.Release|Any CPU.ActiveCfg = Release|Any CPU
		{EC4E783A-19F0-4CDF-8993-BDB21A8A03D1}.Release|Any CPU.Build.0 = Release|Any CPU
	EndGlobalSection
	GlobalSection(SolutionProperties) = preSolution
		HideSolutionNode = FALSE
	EndGlobalSection
	GlobalSection(ExtensibilityGlobals) = postSolution
		SolutionGuid = {C776D67C-1894-4A45-A275-858D4187AF43}
	EndGlobalSection
EndGlobal
